schema: '2.0'
stages:
  data:
    cmd: python3 src/data.py
    deps:
    - path: src/data.py
      hash: md5
      md5: 9d9f2643c28ce53f069e48a782b32654
      size: 259
    outs:
    - path: data/raw/iris.csv
      hash: md5
      md5: 4d301abed5efe50eccda350cde38e0eb
      size: 2777
  prepare:
    cmd: python3 src/prepare.py
    deps:
    - path: data/raw/iris.csv
      hash: md5
      md5: 4d301abed5efe50eccda350cde38e0eb
      size: 2777
    - path: src/prepare.py
      hash: md5
      md5: 0cef90b30b220a7958da5938774cf705
      size: 769
    params:
      params.yaml:
        prepare.random_state: 42
        prepare.test_size: 0.2
    outs:
    - path: data/processed/X_test.npy
      hash: md5
      md5: 6106b6fdfa5e57277f32c885bc1eed51
      size: 1088
    - path: data/processed/X_train.npy
      hash: md5
      md5: abdc135983612a7ff50c3a300b5b4d55
      size: 3968
    - path: data/processed/y_test.npy
      hash: md5
      md5: c8a14810d1d66e69e3149abda346c748
      size: 368
    - path: data/processed/y_train.npy
      hash: md5
      md5: 2c2741a338b44cc698b03ddaddd77a6a
      size: 1088
  train:
    cmd: python src/train.py
    deps:
    - path: data/processed/X_test.npy
      hash: md5
      md5: 6106b6fdfa5e57277f32c885bc1eed51
      size: 1088
    - path: data/processed/X_train.npy
      hash: md5
      md5: abdc135983612a7ff50c3a300b5b4d55
      size: 3968
    - path: data/processed/y_test.npy
      hash: md5
      md5: c8a14810d1d66e69e3149abda346c748
      size: 368
    - path: data/processed/y_train.npy
      hash: md5
      md5: 2c2741a338b44cc698b03ddaddd77a6a
      size: 1088
    - path: src/train.py
      hash: md5
      md5: a6c09644fc51be565d5326fcd92b1c41
      size: 2609
    params:
      params.yaml:
        train.model_type: logistic_regression
    outs:
    - path: metrics/train_metrics.json
      hash: md5
      md5: 16adfbf997206e5b202c29a479cdc684
      size: 142
    - path: models/model.pkl
      hash: md5
      md5: 52a39a5f8f1eb66da0fbd25780a847f5
      size: 9051
